
Microsoft Visual Studio Solution File, Format Version 12.00
# Visual Studio Version 17
VisualStudioVersion = 17.4.33103.184
MinimumVisualStudioVersion = 10.0.40219.1
Project("{FAE04EC0-301F-11D3-BF4B-00C04F79EFBC}") = "VSintro", "VSintro\VSintro.csproj", "{65D5247F-1F1F-405F-95CA-137D38610F2B}"
EndProject
Global
	GlobalSection(SolutionConfigurationPlatforms) = preSolution
		Debug|Any CPU = Debug|Any CPU
		Release|Any CPU = Release|Any CPU
	EndGlobalSection
	GlobalSection(ProjectConfigurationPlatforms) = postSolution
		{65D5247F-1F1F-405F-95CA-137D38610F2B}.Debug|Any CPU.ActiveCfg = Debug|Any CPU
		{65D5247F-1F1F-405F-95CA-137D38610F2B}.Debug|Any CPU.Build.0 = Debug|Any CPU
		{65D5247F-1F1F-405F-95CA-137D38610F2B}.Release|Any CPU.ActiveCfg = Release|Any CPU
		{65D5247F-1F1F-405F-95CA-137D38610F2B}.Release|Any CPU.Build.0 = Release|Any CPU
	EndGlobalSection
	GlobalSection(SolutionProperties) = preSolution
		HideSolutionNode = FALSE
	EndGlobalSection
	GlobalSection(ExtensibilityGlobals) = postSolution
		SolutionGuid = {F081A739-CA5F-4E9E-A6DD-D5106727C2DE}
	EndGlobalSection
EndGlobal
